
Microsoft Visual Studio Solution File, Format Version 12.00
# Visual Studio 15
VisualStudioVersion = 15.0.27130.2003
MinimumVisualStudioVersion = 10.0.40219.1
Project("{FAE04EC0-301F-11D3-BF4B-00C04F79EFBC}") = "kindergarden", "kindergarden\kindergarden.csproj", "{7AB02E62-23D1-4F9E-B307-364A0B2E00A4}"
EndProject
Global
	GlobalSection(SolutionConfigurationPlatforms) = preSolution
		Debug|Any CPU = Debug|Any CPU
		Release|Any CPU = Release|Any CPU
	EndGlobalSection
	GlobalSection(ProjectConfigurationPlatforms) = postSolution
		{7AB02E62-23D1-4F9E-B307-364A0B2E00A4}.Debug|Any CPU.ActiveCfg = Debug|Any CPU
		{7AB02E62-23D1-4F9E-B307-364A0B2E00A4}.Debug|Any CPU.Build.0 = Debug|Any CPU
		{7AB02E62-23D1-4F9E-B307-364A0B2E00A4}.Release|Any CPU.ActiveCfg = Release|Any CPU
		{7AB02E62-23D1-4F9E-B307-364A0B2E00A4}.Release|Any CPU.Build.0 = Release|Any CPU
	EndGlobalSection
	GlobalSection(SolutionProperties) = preSolution
		HideSolutionNode = FALSE
	EndGlobalSection
	GlobalSection(ExtensibilityGlobals) = postSolution
		SolutionGuid = {46DE1327-5477-4B89-A849-4008C285EF65}
	EndGlobalSection
EndGlobal
